// !$*UTF8*$!
{
	archiveVersion = 1;
	classes = {
	};
	objectVersion = 56;
	objects = {

/* Begin PBXBuildFile section */
		C203CF3F294B802E0056B6F5 /* GoogleReviewsData.json in Resources */ = {isa = PBXBuildFile; fileRef = C203CF3E294B802E0056B6F5 /* GoogleReviewsData.json */; };
		C203CF41294B81580056B6F5 /* GooglePredictionsData.json in Resources */ = {isa = PBXBuildFile; fileRef = C203CF40294B81580056B6F5 /* GooglePredictionsData.json */; };
		C203CF47294B8D420056B6F5 /* ReadLocalJson.swift in Sources */ = {isa = PBXBuildFile; fileRef = C203CF46294B8D420056B6F5 /* ReadLocalJson.swift */; };
		C282C0FC294B79A6004EC6EB /* GooglePlaceReviewsApp.swift in Sources */ = {isa = PBXBuildFile; fileRef = C282C0FB294B79A6004EC6EB /* GooglePlaceReviewsApp.swift */; };
		C282C100294B79A7004EC6EB /* Assets.xcassets in Resources */ = {isa = PBXBuildFile; fileRef = C282C0FF294B79A7004EC6EB /* Assets.xcassets */; };
		C282C103294B79A7004EC6EB /* Preview Assets.xcassets in Resources */ = {isa = PBXBuildFile; fileRef = C282C102294B79A7004EC6EB /* Preview Assets.xcassets */; };
		C282C112294B7A28004EC6EB /* PredictionsResultData.swift in Sources */ = {isa = PBXBuildFile; fileRef = C282C109294B7A28004EC6EB /* PredictionsResultData.swift */; };
		C282C113294B7A28004EC6EB /* SuggestView.swift in Sources */ = {isa = PBXBuildFile; fileRef = C282C10A294B7A28004EC6EB /* SuggestView.swift */; };
		C282C114294B7A28004EC6EB /* SuggestViewModel.swift in Sources */ = {isa = PBXBuildFile; fileRef = C282C10B294B7A28004EC6EB /* SuggestViewModel.swift */; };
		C282C116294B7A28004EC6EB /* GoogleReviews.swift in Sources */ = {isa = PBXBuildFile; fileRef = C282C10D294B7A28004EC6EB /* GoogleReviews.swift */; };
		C282C117294B7A28004EC6EB /* StarsReview.swift in Sources */ = {isa = PBXBuildFile; fileRef = C282C10E294B7A28004EC6EB /* StarsReview.swift */; };
		C282C118294B7A28004EC6EB /* ReviewsResultData.swift in Sources */ = {isa = PBXBuildFile; fileRef = C282C10F294B7A28004EC6EB /* ReviewsResultData.swift */; };
		C282C119294B7A28004EC6EB /* ReviewsView.swift in Sources */ = {isa = PBXBuildFile; fileRef = C282C110294B7A28004EC6EB /* ReviewsView.swift */; };
		C282C11A294B7A28004EC6EB /* ApiCall.swift in Sources */ = {isa = PBXBuildFile; fileRef = C282C111294B7A28004EC6EB /* ApiCall.swift */; };
/* End PBXBuildFile section */

/* Begin PBXFileReference section */
		C203CF3E294B802E0056B6F5 /* GoogleReviewsData.json */ = {isa = PBXFileReference; fileEncoding = 4; lastKnownFileType = text.json; path = GoogleReviewsData.json; sourceTree = "<group>"; };
		C203CF40294B81580056B6F5 /* GooglePredictionsData.json */ = {isa = PBXFileReference; lastKnownFileType = text.json; path = GooglePredictionsData.json; sourceTree = "<group>"; };
		C203CF46294B8D420056B6F5 /* ReadLocalJson.swift */ = {isa = PBXFileReference; lastKnownFileType = sourcecode.swift; path = ReadLocalJson.swift; sourceTree = "<group>"; };
		C282C0F8294B79A6004EC6EB /* GooglePlaceReviews.app */ = {isa = PBXFileReference; explicitFileType = wrapper.application; includeInIndex = 0; path = GooglePlaceReviews.app; sourceTree = BUILT_PRODUCTS_DIR; };
		C282C0FB294B79A6004EC6EB /* GooglePlaceReviewsApp.swift */ = {isa = PBXFileReference; lastKnownFileType = sourcecode.swift; path = GooglePlaceReviewsApp.swift; sourceTree = "<group>"; };
		C282C0FF294B79A7004EC6EB /* Assets.xcassets */ = {isa = PBXFileReference; lastKnownFileType = folder.assetcatalog; path = Assets.xcassets; sourceTree = "<group>"; };
		C282C102294B79A7004EC6EB /* Preview Assets.xcassets */ = {isa = PBXFileReference; lastKnownFileType = folder.assetcatalog; path = "Preview Assets.xcassets"; sourceTree = "<group>"; };
		C282C109294B7A28004EC6EB /* PredictionsResultData.swift */ = {isa = PBXFileReference; fileEncoding = 4; lastKnownFileType = sourcecode.swift; path = PredictionsResultData.swift; sourceTree = "<group>"; };
		C282C10A294B7A28004EC6EB /* SuggestView.swift */ = {isa = PBXFileReference; fileEncoding = 4; lastKnownFileType = sourcecode.swift; path = SuggestView.swift; sourceTree = "<group>"; };
		C282C10B294B7A28004EC6EB /* SuggestViewModel.swift */ = {isa = PBXFileReference; fileEncoding = 4; lastKnownFileType = sourcecode.swift; path = SuggestViewModel.swift; sourceTree = "<group>"; };
		C282C10D294B7A28004EC6EB /* GoogleReviews.swift */ = {isa = PBXFileReference; fileEncoding = 4; lastKnownFileType = sourcecode.swift; path = GoogleReviews.swift; sourceTree = "<group>"; };
		C282C10E294B7A28004EC6EB /* StarsReview.swift */ = {isa = PBXFileReference; fileEncoding = 4; lastKnownFileType = sourcecode.swift; path = StarsReview.swift; sourceTree = "<group>"; };
		C282C10F294B7A28004EC6EB /* ReviewsResultData.swift */ = {isa = PBXFileReference; fileEncoding = 4; lastKnownFileType = sourcecode.swift; path = ReviewsResultData.swift; sourceTree = "<group>"; };
		C282C110294B7A28004EC6EB /* ReviewsView.swift */ = {isa = PBXFileReference; fileEncoding = 4; lastKnownFileType = sourcecode.swift; path = ReviewsView.swift; sourceTree = "<group>"; };
		C282C111294B7A28004EC6EB /* ApiCall.swift */ = {isa = PBXFileReference; fileEncoding = 4; lastKnownFileType = sourcecode.swift; path = ApiCall.swift; sourceTree = "<group>"; };
/* End PBXFileReference section */

/* Begin PBXFrameworksBuildPhase section */
		C282C0F5294B79A6004EC6EB /* Frameworks */ = {
			isa = PBXFrameworksBuildPhase;
			buildActionMask = 2147483647;
			files = (
			);
			runOnlyForDeploymentPostprocessing = 0;
		};
/* End PBXFrameworksBuildPhase section */

/* Begin PBXGroup section */
		C203CF42294B84970056B6F5 /* Views */ = {
			isa = PBXGroup;
			children = (
				C282C10A294B7A28004EC6EB /* SuggestView.swift */,
				C282C10D294B7A28004EC6EB /* GoogleReviews.swift */,
				C282C110294B7A28004EC6EB /* ReviewsView.swift */,
				C282C10E294B7A28004EC6EB /* StarsReview.swift */,
			);
			path = Views;
			sourceTree = "<group>";
		};
		C203CF43294B84B30056B6F5 /* ViewModels */ = {
			isa = PBXGroup;
			children = (
				C282C10B294B7A28004EC6EB /* SuggestViewModel.swift */,
			);
			path = ViewModels;
			sourceTree = "<group>";
		};
		C203CF44294B84BE0056B6F5 /* Utils */ = {
			isa = PBXGroup;
			children = (
				C282C111294B7A28004EC6EB /* ApiCall.swift */,
				C203CF46294B8D420056B6F5 /* ReadLocalJson.swift */,
			);
			path = Utils;
			sourceTree = "<group>";
		};
		C203CF45294B84CC0056B6F5 /* Data */ = {
			isa = PBXGroup;
			children = (
				C282C109294B7A28004EC6EB /* PredictionsResultData.swift */,
				C282C10F294B7A28004EC6EB /* ReviewsResultData.swift */,
				C203CF3E294B802E0056B6F5 /* GoogleReviewsData.json */,
				C203CF40294B81580056B6F5 /* GooglePredictionsData.json */,
			);
			path = Data;
			sourceTree = "<group>";
		};
		C282C0EF294B79A6004EC6EB = {
			isa = PBXGroup;
			children = (
				C282C0FA294B79A6004EC6EB /* GooglePlaceReviews */,
				C282C0F9294B79A6004EC6EB /* Products */,
			);
			sourceTree = "<group>";
		};
		C282C0F9294B79A6004EC6EB /* Products */ = {
			isa = PBXGroup;
			children = (
				C282C0F8294B79A6004EC6EB /* GooglePlaceReviews.app */,
			);
			name = Products;
			sourceTree = "<group>";
		};
		C282C0FA294B79A6004EC6EB /* GooglePlaceReviews */ = {
			isa = PBXGroup;
			children = (
				C203CF45294B84CC0056B6F5 /* Data */,
				C203CF44294B84BE0056B6F5 /* Utils */,
				C203CF43294B84B30056B6F5 /* ViewModels */,
				C203CF42294B84970056B6F5 /* Views */,
				C282C0FB294B79A6004EC6EB /* GooglePlaceReviewsApp.swift */,
				C282C0FF294B79A7004EC6EB /* Assets.xcassets */,
				C282C101294B79A7004EC6EB /* Preview Content */,
			);
			path = GooglePlaceReviews;
			sourceTree = "<group>";
		};
		C282C101294B79A7004EC6EB /* Preview Content */ = {
			isa = PBXGroup;
			children = (
				C282C102294B79A7004EC6EB /* Preview Assets.xcassets */,
			);
			path = "Preview Content";
			sourceTree = "<group>";
		};
/* End PBXGroup section */

/* Begin PBXNativeTarget section */
		C282C0F7294B79A6004EC6EB /* GooglePlaceReviews */ = {
			isa = PBXNativeTarget;
			buildConfigurationList = C282C106294B79A7004EC6EB /* Build configuration list for PBXNativeTarget "GooglePlaceReviews" */;
			buildPhases = (
				C282C0F4294B79A6004EC6EB /* Sources */,
				C282C0F5294B79A6004EC6EB /* Frameworks */,
				C282C0F6294B79A6004EC6EB /* Resources */,
			);
			buildRules = (
			);
			dependencies = (
			);
			name = GooglePlaceReviews;
			productName = GooglePlaceReviews;
			productReference = C282C0F8294B79A6004EC6EB /* GooglePlaceReviews.app */;
			productType = "com.apple.product-type.application";
		};
/* End PBXNativeTarget section */

/* Begin PBXProject section */
		C282C0F0294B79A6004EC6EB /* Project object */ = {
			isa = PBXProject;
			attributes = {
				BuildIndependentTargetsInParallel = 1;
				LastSwiftUpdateCheck = 1420;
				LastUpgradeCheck = 1420;
				TargetAttributes = {
					C282C0F7294B79A6004EC6EB = {
						CreatedOnToolsVersion = 14.2;
					};
				};
			};
			buildConfigurationList = C282C0F3294B79A6004EC6EB /* Build configuration list for PBXProject "GooglePlaceReviews" */;
			compatibilityVersion = "Xcode 14.0";
			developmentRegion = en;
			hasScannedForEncodings = 0;
			knownRegions = (
				en,
				Base,
			);
			mainGroup = C282C0EF294B79A6004EC6EB;
			productRefGroup = C282C0F9294B79A6004EC6EB /* Products */;
			projectDirPath = "";
			projectRoot = "";
			targets = (
				C282C0F7294B79A6004EC6EB /* GooglePlaceReviews */,
			);
		};
/* End PBXProject section */

/* Begin PBXResourcesBuildPhase section */
		C282C0F6294B79A6004EC6EB /* Resources */ = {
			isa = PBXResourcesBuildPhase;
			buildActionMask = 2147483647;
			files = (
				C282C103294B79A7004EC6EB /* Preview Assets.xcassets in Resources */,
				C203CF41294B81580056B6F5 /* GooglePredictionsData.json in Resources */,
				C282C100294B79A7004EC6EB /* Assets.xcassets in Resources */,
				C203CF3F294B802E0056B6F5 /* GoogleReviewsData.json in Resources */,
			);
			runOnlyForDeploymentPostprocessing = 0;
		};
/* End PBXResourcesBuildPhase section */

/* Begin PBXSourcesBuildPhase section */
		C282C0F4294B79A6004EC6EB /* Sources */ = {
			isa = PBXSourcesBuildPhase;
			buildActionMask = 2147483647;
			files = (
				C282C116294B7A28004EC6EB /* GoogleReviews.swift in Sources */,
				C282C114294B7A28004EC6EB /* SuggestViewModel.swift in Sources */,
				C282C117294B7A28004EC6EB /* StarsReview.swift in Sources */,
				C282C11A294B7A28004EC6EB /* ApiCall.swift in Sources */,
				C282C119294B7A28004EC6EB /* ReviewsView.swift in Sources */,
				C282C113294B7A28004EC6EB /* SuggestView.swift in Sources */,
				C282C118294B7A28004EC6EB /* ReviewsResultData.swift in Sources */,
				C203CF47294B8D420056B6F5 /* ReadLocalJson.swift in Sources */,
				C282C0FC294B79A6004EC6EB /* GooglePlaceReviewsApp.swift in Sources */,
				C282C112294B7A28004EC6EB /* PredictionsResultData.swift in Sources */,
			);
			runOnlyForDeploymentPostprocessing = 0;
		};
/* End PBXSourcesBuildPhase section */

/* Begin XCBuildConfiguration section */
		C282C104294B79A7004EC6EB /* Debug */ = {
			isa = XCBuildConfiguration;
			buildSettings = {
				ALWAYS_SEARCH_USER_PATHS = NO;
				CLANG_ANALYZER_NONNULL = YES;
				CLANG_ANALYZER_NUMBER_OBJECT_CONVERSION = YES_AGGRESSIVE;
				CLANG_CXX_LANGUAGE_STANDARD = "gnu++20";
				CLANG_ENABLE_MODULES = YES;
				CLANG_ENABLE_OBJC_ARC = YES;
				CLANG_ENABLE_OBJC_WEAK = YES;
				CLANG_WARN_BLOCK_CAPTURE_AUTORELEASING = YES;
				CLANG_WARN_BOOL_CONVERSION = YES;
				CLANG_WARN_COMMA = YES;
				CLANG_WARN_CONSTANT_CONVERSION = YES;
				CLANG_WARN_DEPRECATED_OBJC_IMPLEMENTATIONS = YES;
				CLANG_WARN_DIRECT_OBJC_ISA_USAGE = YES_ERROR;
				CLANG_WARN_DOCUMENTATION_COMMENTS = YES;
				CLANG_WARN_EMPTY_BODY = YES;
				CLANG_WARN_ENUM_CONVERSION = YES;
				CLANG_WARN_INFINITE_RECURSION = YES;
				CLANG_WARN_INT_CONVERSION = YES;
				CLANG_WARN_NON_LITERAL_NULL_CONVERSION = YES;
				CLANG_WARN_OBJC_IMPLICIT_RETAIN_SELF = YES;
				CLANG_WARN_OBJC_LITERAL_CONVERSION = YES;
				CLANG_WARN_OBJC_ROOT_CLASS = YES_ERROR;
				CLANG_WARN_QUOTED_INCLUDE_IN_FRAMEWORK_HEADER = YES;
				CLANG_WARN_RANGE_LOOP_ANALYSIS = YES;
				CLANG_WARN_STRICT_PROTOTYPES = YES;
				CLANG_WARN_SUSPICIOUS_MOVE = YES;
				CLANG_WARN_UNGUARDED_AVAILABILITY = YES_AGGRESSIVE;
				CLANG_WARN_UNREACHABLE_CODE = YES;
				CLANG_WARN__DUPLICATE_METHOD_MATCH = YES;
				COPY_PHASE_STRIP = NO;
				DEBUG_INFORMATION_FORMAT = dwarf;
				ENABLE_STRICT_OBJC_MSGSEND = YES;
				ENABLE_TESTABILITY = YES;
				GCC_C_LANGUAGE_STANDARD = gnu11;
				GCC_DYNAMIC_NO_PIC = NO;
				GCC_NO_COMMON_BLOCKS = YES;
				GCC_OPTIMIZATION_LEVEL = 0;
				GCC_PREPROCESSOR_DEFINITIONS = (
					"DEBUG=1",
					"$(inherited)",
				);
				GCC_WARN_64_TO_32_BIT_CONVERSION = YES;
				GCC_WARN_ABOUT_RETURN_TYPE = YES_ERROR;
				GCC_WARN_UNDECLARED_SELECTOR = YES;
				GCC_WARN_UNINITIALIZED_AUTOS = YES_AGGRESSIVE;
				GCC_WARN_UNUSED_FUNCTION = YES;
				GCC_WARN_UNUSED_VARIABLE = YES;
				IPHONEOS_DEPLOYMENT_TARGET = 16.2;
				MTL_ENABLE_DEBUG_INFO = INCLUDE_SOURCE;
				MTL_FAST_MATH = YES;
				ONLY_ACTIVE_ARCH = YES;
				SDKROOT = iphoneos;
				SWIFT_ACTIVE_COMPILATION_CONDITIONS = DEBUG;
				SWIFT_OPTIMIZATION_LEVEL = "-Onone";
			};
			name = Debug;
		};
		C282C105294B79A7004EC6EB /* Release */ = {
			isa = XCBuildConfiguration;
			buildSettings = {
				ALWAYS_SEARCH_USER_PATHS = NO;
				CLANG_ANALYZER_NONNULL = YES;
				CLANG_ANALYZER_NUMBER_OBJECT_CONVERSION = YES_AGGRESSIVE;
				CLANG_CXX_LANGUAGE_STANDARD = "gnu++20";
				CLANG_ENABLE_MODULES = YES;
				CLANG_ENABLE_OBJC_ARC = YES;
				CLANG_ENABLE_OBJC_WEAK = YES;
				CLANG_WARN_BLOCK_CAPTURE_AUTORELEASING = YES;
				CLANG_WARN_BOOL_CONVERSION = YES;
				CLANG_WARN_COMMA = YES;
				CLANG_WARN_CONSTANT_CONVERSION = YES;
				CLANG_WARN_DEPRECATED_OBJC_IMPLEMENTATIONS = YES;
				CLANG_WARN_DIRECT_OBJC_ISA_USAGE = YES_ERROR;
				CLANG_WARN_DOCUMENTATION_COMMENTS = YES;
				CLANG_WARN_EMPTY_BODY = YES;
				CLANG_WARN_ENUM_CONVERSION = YES;
				CLANG_WARN_INFINITE_RECURSION = YES;
				CLANG_WARN_INT_CONVERSION = YES;
				CLANG_WARN_NON_LITERAL_NULL_CONVERSION = YES;
				CLANG_WARN_OBJC_IMPLICIT_RETAIN_SELF = YES;
				CLANG_WARN_OBJC_LITERAL_CONVERSION = YES;
				CLANG_WARN_OBJC_ROOT_CLASS = YES_ERROR;
				CLANG_WARN_QUOTED_INCLUDE_IN_FRAMEWORK_HEADER = YES;
				CLANG_WARN_RANGE_LOOP_ANALYSIS = YES;
				CLANG_WARN_STRICT_PROTOTYPES = YES;
				CLANG_WARN_SUSPICIOUS_MOVE = YES;
				CLANG_WARN_UNGUARDED_AVAILABILITY = YES_AGGRESSIVE;
				CLANG_WARN_UNREACHABLE_CODE = YES;
				CLANG_WARN__DUPLICATE_METHOD_MATCH = YES;
				COPY_PHASE_STRIP = NO;
				DEBUG_INFORMATION_FORMAT = "dwarf-with-dsym";
				ENABLE_NS_ASSERTIONS = NO;
				ENABLE_STRICT_OBJC_MSGSEND = YES;
				GCC_C_LANGUAGE_STANDARD = gnu11;
				GCC_NO_COMMON_BLOCKS = YES;
				GCC_WARN_64_TO_32_BIT_CONVERSION = YES;
				GCC_WARN_ABOUT_RETURN_TYPE = YES_ERROR;
				GCC_WARN_UNDECLARED_SELECTOR = YES;
				GCC_WARN_UNINITIALIZED_AUTOS = YES_AGGRESSIVE;
				GCC_WARN_UNUSED_FUNCTION = YES;
				GCC_WARN_UNUSED_VARIABLE = YES;
				IPHONEOS_DEPLOYMENT_TARGET = 16.2;
				MTL_ENABLE_DEBUG_INFO = NO;
				MTL_FAST_MATH = YES;
				SDKROOT = iphoneos;
				SWIFT_COMPILATION_MODE = wholemodule;
				SWIFT_OPTIMIZATION_LEVEL = "-O";
				VALIDATE_PRODUCT = YES;
			};
			name = Release;
		};
		C282C107294B79A7004EC6EB /* Debug */ = {
			isa = XCBuildConfiguration;
			buildSettings = {
				ASSETCATALOG_COMPILER_APPICON_NAME = AppIcon;
				ASSETCATALOG_COMPILER_GLOBAL_ACCENT_COLOR_NAME = AccentColor;
				CODE_SIGN_STYLE = Automatic;
				CURRENT_PROJECT_VERSION = 1;
				DEVELOPMENT_ASSET_PATHS = "\"GooglePlaceReviews/Preview Content\"";
				ENABLE_PREVIEWS = YES;
				GENERATE_INFOPLIST_FILE = YES;
				INFOPLIST_KEY_CFBundleDisplayName = GoogleReviews;
				INFOPLIST_KEY_UIApplicationSceneManifest_Generation = YES;
				INFOPLIST_KEY_UIApplicationSupportsIndirectInputEvents = YES;
				INFOPLIST_KEY_UILaunchScreen_Generation = YES;
				INFOPLIST_KEY_UISupportedInterfaceOrientations_iPad = "UIInterfaceOrientationPortrait UIInterfaceOrientationPortraitUpsideDown UIInterfaceOrientationLandscapeLeft UIInterfaceOrientationLandscapeRight";
				INFOPLIST_KEY_UISupportedInterfaceOrientations_iPhone = "UIInterfaceOrientationPortrait UIInterfaceOrientationLandscapeLeft UIInterfaceOrientationLandscapeRight";
				LD_RUNPATH_SEARCH_PATHS = (
					"$(inherited)",
					"@executable_path/Frameworks",
				);
				MARKETING_VERSION = 1.0;
				PRODUCT_BUNDLE_IDENTIFIER = com.wellsayd.GooglePlaceReviews;
				PRODUCT_NAME = "$(TARGET_NAME)";
				SWIFT_EMIT_LOC_STRINGS = YES;
				SWIFT_VERSION = 5.0;
				TARGETED_DEVICE_FAMILY = "1,2";
			};
			name = Debug;
		};
		C282C108294B79A7004EC6EB /* Release */ = {
			isa = XCBuildConfiguration;
			buildSettings = {
				ASSETCATALOG_COMPILER_APPICON_NAME = AppIcon;
				ASSETCATALOG_COMPILER_GLOBAL_ACCENT_COLOR_NAME = AccentColor;
				CODE_SIGN_STYLE = Automatic;
				CURRENT_PROJECT_VERSION = 1;
				DEVELOPMENT_ASSET_PATHS = "\"GooglePlaceReviews/Preview Content\"";
				ENABLE_PREVIEWS = YES;
				GENERATE_INFOPLIST_FILE = YES;
				INFOPLIST_KEY_CFBundleDisplayName = GoogleReviews;
				INFOPLIST_KEY_UIApplicationSceneManifest_Generation = YES;
				INFOPLIST_KEY_UIApplicationSupportsIndirectInputEvents = YES;
				INFOPLIST_KEY_UILaunchScreen_Generation = YES;
				INFOPLIST_KEY_UISupportedInterfaceOrientations_iPad = "UIInterfaceOrientationPortrait UIInterfaceOrientationPortraitUpsideDown UIInterfaceOrientationLandscapeLeft UIInterfaceOrientationLandscapeRight";
				INFOPLIST_KEY_UISupportedInterfaceOrientations_iPhone = "UIInterfaceOrientationPortrait UIInterfaceOrientationLandscapeLeft UIInterfaceOrientationLandscapeRight";
				LD_RUNPATH_SEARCH_PATHS = (
					"$(inherited)",
					"@executable_path/Frameworks",
				);
				MARKETING_VERSION = 1.0;
				PRODUCT_BUNDLE_IDENTIFIER = com.wellsayd.GooglePlaceReviews;
				PRODUCT_NAME = "$(TARGET_NAME)";
				SWIFT_EMIT_LOC_STRINGS = YES;
				SWIFT_VERSION = 5.0;
				TARGETED_DEVICE_FAMILY = "1,2";
			};
			name = Release;
		};
/* End XCBuildConfiguration section */

/* Begin XCConfigurationList section */
		C282C0F3294B79A6004EC6EB /* Build configuration list for PBXProject "GooglePlaceReviews" */ = {
			isa = XCConfigurationList;
			buildConfigurations = (
				C282C104294B79A7004EC6EB /* Debug */,
				C282C105294B79A7004EC6EB /* Release */,
			);
			defaultConfigurationIsVisible = 0;
			defaultConfigurationName = Release;
		};
		C282C106294B79A7004EC6EB /* Build configuration list for PBXNativeTarget "GooglePlaceReviews" */ = {
			isa = XCConfigurationList;
			buildConfigurations = (
				C282C107294B79A7004EC6EB /* Debug */,
				C282C108294B79A7004EC6EB /* Release */,
			);
			defaultConfigurationIsVisible = 0;
			defaultConfigurationName = Release;
		};
/* End XCConfigurationList section */
	};
	rootObject = C282C0F0294B79A6004EC6EB /* Project object */;
}
